// !$*UTF8*$!
{
	archiveVersion = 1;
	classes = {
	};
	objectVersion = 55;
	objects = {

/* Begin PBXBuildFile section */
		A3B6D7E128CB43D000230EFB /* wdtDndApp.swift in Sources */ = {isa = PBXBuildFile; fileRef = A3B6D7E028CB43D000230EFB /* wdtDndApp.swift */; };
		A3B6D7E328CB43D000230EFB /* ContentView.swift in Sources */ = {isa = PBXBuildFile; fileRef = A3B6D7E228CB43D000230EFB /* ContentView.swift */; };
		A3B6D7E528CB43D100230EFB /* Assets.xcassets in Resources */ = {isa = PBXBuildFile; fileRef = A3B6D7E428CB43D100230EFB /* Assets.xcassets */; };
		A3B6D7E828CB43D100230EFB /* Preview Assets.xcassets in Resources */ = {isa = PBXBuildFile; fileRef = A3B6D7E728CB43D100230EFB /* Preview Assets.xcassets */; };
		A3B6D7F328CB43D100230EFB /* wdtDndTests.swift in Sources */ = {isa = PBXBuildFile; fileRef = A3B6D7F228CB43D100230EFB /* wdtDndTests.swift */; };
		A3B6D7FD28CB43D100230EFB /* wdtDndUITests.swift in Sources */ = {isa = PBXBuildFile; fileRef = A3B6D7FC28CB43D100230EFB /* wdtDndUITests.swift */; };
		A3B6D7FF28CB43D100230EFB /* wdtDndUITestsLaunchTests.swift in Sources */ = {isa = PBXBuildFile; fileRef = A3B6D7FE28CB43D100230EFB /* wdtDndUITestsLaunchTests.swift */; };
		A3B6D81328CB447700230EFB /* libwdt.1.32.1000.dylib in Frameworks */ = {isa = PBXBuildFile; fileRef = A3B6D80D28CB442800230EFB /* libwdt.1.32.1000.dylib */; };
		A3B6D81428CB447700230EFB /* libwdt.1.32.1000.dylib in Embed Libraries */ = {isa = PBXBuildFile; fileRef = A3B6D80D28CB442800230EFB /* libwdt.1.32.1000.dylib */; settings = {ATTRIBUTES = (CodeSignOnCopy, ); }; };
		A3B6D81728CB447700230EFB /* libwdt_min.1.32.1000.dylib in Frameworks */ = {isa = PBXBuildFile; fileRef = A3B6D81628CB447700230EFB /* libwdt_min.1.32.1000.dylib */; };
		A3B6D81828CB447700230EFB /* libwdt_min.1.32.1000.dylib in Embed Libraries */ = {isa = PBXBuildFile; fileRef = A3B6D81628CB447700230EFB /* libwdt_min.1.32.1000.dylib */; settings = {ATTRIBUTES = (CodeSignOnCopy, ); }; };
		A3B6D81E28CB44D900230EFB /* wdtWrapper.cpp in Sources */ = {isa = PBXBuildFile; fileRef = A3B6D81B28CB44D900230EFB /* wdtWrapper.cpp */; };
		A3B6D81F28CB44D900230EFB /* wdtWrapper.swift in Sources */ = {isa = PBXBuildFile; fileRef = A3B6D81D28CB44D900230EFB /* wdtWrapper.swift */; };
/* End PBXBuildFile section */

/* Begin PBXContainerItemProxy section */
		A3B6D7EF28CB43D100230EFB /* PBXContainerItemProxy */ = {
			isa = PBXContainerItemProxy;
			containerPortal = A3B6D7D528CB43D000230EFB /* Project object */;
			proxyType = 1;
			remoteGlobalIDString = A3B6D7DC28CB43D000230EFB;
			remoteInfo = wdtDnd;
		};
		A3B6D7F928CB43D100230EFB /* PBXContainerItemProxy */ = {
			isa = PBXContainerItemProxy;
			containerPortal = A3B6D7D528CB43D000230EFB /* Project object */;
			proxyType = 1;
			remoteGlobalIDString = A3B6D7DC28CB43D000230EFB;
			remoteInfo = wdtDnd;
		};
/* End PBXContainerItemProxy section */

/* Begin PBXCopyFilesBuildPhase section */
		A3B6D81528CB447700230EFB /* Embed Libraries */ = {
			isa = PBXCopyFilesBuildPhase;
			buildActionMask = 2147483647;
			dstPath = "";
			dstSubfolderSpec = 10;
			files = (
				A3B6D81828CB447700230EFB /* libwdt_min.1.32.1000.dylib in Embed Libraries */,
				A3B6D81428CB447700230EFB /* libwdt.1.32.1000.dylib in Embed Libraries */,
			);
			name = "Embed Libraries";
			runOnlyForDeploymentPostprocessing = 0;
		};
/* End PBXCopyFilesBuildPhase section */

/* Begin PBXFileReference section */
		A3B6D7DD28CB43D000230EFB /* wdtDnd.app */ = {isa = PBXFileReference; explicitFileType = wrapper.application; includeInIndex = 0; path = wdtDnd.app; sourceTree = BUILT_PRODUCTS_DIR; };
		A3B6D7E028CB43D000230EFB /* wdtDndApp.swift */ = {isa = PBXFileReference; lastKnownFileType = sourcecode.swift; path = wdtDndApp.swift; sourceTree = "<group>"; };
		A3B6D7E228CB43D000230EFB /* ContentView.swift */ = {isa = PBXFileReference; lastKnownFileType = sourcecode.swift; path = ContentView.swift; sourceTree = "<group>"; };
		A3B6D7E428CB43D100230EFB /* Assets.xcassets */ = {isa = PBXFileReference; lastKnownFileType = folder.assetcatalog; path = Assets.xcassets; sourceTree = "<group>"; };
		A3B6D7E728CB43D100230EFB /* Preview Assets.xcassets */ = {isa = PBXFileReference; lastKnownFileType = folder.assetcatalog; path = "Preview Assets.xcassets"; sourceTree = "<group>"; };
		A3B6D7E928CB43D100230EFB /* wdtDnd.entitlements */ = {isa = PBXFileReference; lastKnownFileType = text.plist.entitlements; path = wdtDnd.entitlements; sourceTree = "<group>"; };
		A3B6D7EE28CB43D100230EFB /* wdtDndTests.xctest */ = {isa = PBXFileReference; explicitFileType = wrapper.cfbundle; includeInIndex = 0; path = wdtDndTests.xctest; sourceTree = BUILT_PRODUCTS_DIR; };
		A3B6D7F228CB43D100230EFB /* wdtDndTests.swift */ = {isa = PBXFileReference; lastKnownFileType = sourcecode.swift; path = wdtDndTests.swift; sourceTree = "<group>"; };
		A3B6D7F828CB43D100230EFB /* wdtDndUITests.xctest */ = {isa = PBXFileReference; explicitFileType = wrapper.cfbundle; includeInIndex = 0; path = wdtDndUITests.xctest; sourceTree = BUILT_PRODUCTS_DIR; };
		A3B6D7FC28CB43D100230EFB /* wdtDndUITests.swift */ = {isa = PBXFileReference; lastKnownFileType = sourcecode.swift; path = wdtDndUITests.swift; sourceTree = "<group>"; };
		A3B6D7FE28CB43D100230EFB /* wdtDndUITestsLaunchTests.swift */ = {isa = PBXFileReference; lastKnownFileType = sourcecode.swift; path = wdtDndUITestsLaunchTests.swift; sourceTree = "<group>"; };
		A3B6D80D28CB442800230EFB /* libwdt.1.32.1000.dylib */ = {isa = PBXFileReference; lastKnownFileType = "compiled.mach-o.dylib"; path = libwdt.1.32.1000.dylib; sourceTree = "<group>"; };
		A3B6D81628CB447700230EFB /* libwdt_min.1.32.1000.dylib */ = {isa = PBXFileReference; lastKnownFileType = "compiled.mach-o.dylib"; path = libwdt_min.1.32.1000.dylib; sourceTree = "<group>"; };
		A3B6D81928CB44D900230EFB /* wdtDnd-Bridging-Header.h */ = {isa = PBXFileReference; lastKnownFileType = sourcecode.c.h; path = "wdtDnd-Bridging-Header.h"; sourceTree = "<group>"; };
		A3B6D81B28CB44D900230EFB /* wdtWrapper.cpp */ = {isa = PBXFileReference; fileEncoding = 4; lastKnownFileType = sourcecode.cpp.cpp; path = wdtWrapper.cpp; sourceTree = "<group>"; };
		A3B6D81C28CB44D900230EFB /* wdtWrapper.hpp */ = {isa = PBXFileReference; fileEncoding = 4; lastKnownFileType = sourcecode.cpp.h; path = wdtWrapper.hpp; sourceTree = "<group>"; };
		A3B6D81D28CB44D900230EFB /* wdtWrapper.swift */ = {isa = PBXFileReference; fileEncoding = 4; lastKnownFileType = sourcecode.swift; path = wdtWrapper.swift; sourceTree = "<group>"; };
/* End PBXFileReference section */

/* Begin PBXFrameworksBuildPhase section */
		A3B6D7DA28CB43D000230EFB /* Frameworks */ = {
			isa = PBXFrameworksBuildPhase;
			buildActionMask = 2147483647;
			files = (
				A3B6D81728CB447700230EFB /* libwdt_min.1.32.1000.dylib in Frameworks */,
				A3B6D81328CB447700230EFB /* libwdt.1.32.1000.dylib in Frameworks */,
			);
			runOnlyForDeploymentPostprocessing = 0;
		};
		A3B6D7EB28CB43D100230EFB /* Frameworks */ = {
			isa = PBXFrameworksBuildPhase;
			buildActionMask = 2147483647;
			files = (
			);
			runOnlyForDeploymentPostprocessing = 0;
		};
		A3B6D7F528CB43D100230EFB /* Frameworks */ = {
			isa = PBXFrameworksBuildPhase;
			buildActionMask = 2147483647;
			files = (
			);
			runOnlyForDeploymentPostprocessing = 0;
		};
/* End PBXFrameworksBuildPhase section */

/* Begin PBXGroup section */
		A3B6D7D428CB43D000230EFB = {
			isa = PBXGroup;
			children = (
				A3B6D81B28CB44D900230EFB /* wdtWrapper.cpp */,
				A3B6D81C28CB44D900230EFB /* wdtWrapper.hpp */,
				A3B6D81D28CB44D900230EFB /* wdtWrapper.swift */,
				A3B6D7DF28CB43D000230EFB /* wdtDnd */,
				A3B6D7F128CB43D100230EFB /* wdtDndTests */,
				A3B6D7FB28CB43D100230EFB /* wdtDndUITests */,
				A3B6D7DE28CB43D000230EFB /* Products */,
				A3B6D80B28CB442800230EFB /* Frameworks */,
				A3B6D81928CB44D900230EFB /* wdtDnd-Bridging-Header.h */,
			);
			sourceTree = "<group>";
		};
		A3B6D7DE28CB43D000230EFB /* Products */ = {
			isa = PBXGroup;
			children = (
				A3B6D7DD28CB43D000230EFB /* wdtDnd.app */,
				A3B6D7EE28CB43D100230EFB /* wdtDndTests.xctest */,
				A3B6D7F828CB43D100230EFB /* wdtDndUITests.xctest */,
			);
			name = Products;
			sourceTree = "<group>";
		};
		A3B6D7DF28CB43D000230EFB /* wdtDnd */ = {
			isa = PBXGroup;
			children = (
				A3B6D7E028CB43D000230EFB /* wdtDndApp.swift */,
				A3B6D7E228CB43D000230EFB /* ContentView.swift */,
				A3B6D7E428CB43D100230EFB /* Assets.xcassets */,
				A3B6D7E928CB43D100230EFB /* wdtDnd.entitlements */,
				A3B6D7E628CB43D100230EFB /* Preview Content */,
			);
			path = wdtDnd;
			sourceTree = "<group>";
		};
		A3B6D7E628CB43D100230EFB /* Preview Content */ = {
			isa = PBXGroup;
			children = (
				A3B6D7E728CB43D100230EFB /* Preview Assets.xcassets */,
			);
			path = "Preview Content";
			sourceTree = "<group>";
		};
		A3B6D7F128CB43D100230EFB /* wdtDndTests */ = {
			isa = PBXGroup;
			children = (
				A3B6D7F228CB43D100230EFB /* wdtDndTests.swift */,
			);
			path = wdtDndTests;
			sourceTree = "<group>";
		};
		A3B6D7FB28CB43D100230EFB /* wdtDndUITests */ = {
			isa = PBXGroup;
			children = (
				A3B6D7FC28CB43D100230EFB /* wdtDndUITests.swift */,
				A3B6D7FE28CB43D100230EFB /* wdtDndUITestsLaunchTests.swift */,
			);
			path = wdtDndUITests;
			sourceTree = "<group>";
		};
		A3B6D80B28CB442800230EFB /* Frameworks */ = {
			isa = PBXGroup;
			children = (
				A3B6D81628CB447700230EFB /* libwdt_min.1.32.1000.dylib */,
				A3B6D80D28CB442800230EFB /* libwdt.1.32.1000.dylib */,
			);
			name = Frameworks;
			sourceTree = "<group>";
		};
/* End PBXGroup section */

/* Begin PBXNativeTarget section */
		A3B6D7DC28CB43D000230EFB /* wdtDnd */ = {
			isa = PBXNativeTarget;
			buildConfigurationList = A3B6D80228CB43D100230EFB /* Build configuration list for PBXNativeTarget "wdtDnd" */;
			buildPhases = (
				A3B6D7D928CB43D000230EFB /* Sources */,
				A3B6D7DA28CB43D000230EFB /* Frameworks */,
				A3B6D7DB28CB43D000230EFB /* Resources */,
				A3B6D81528CB447700230EFB /* Embed Libraries */,
			);
			buildRules = (
			);
			dependencies = (
			);
			name = wdtDnd;
			productName = wdtDnd;
			productReference = A3B6D7DD28CB43D000230EFB /* wdtDnd.app */;
			productType = "com.apple.product-type.application";
		};
		A3B6D7ED28CB43D100230EFB /* wdtDndTests */ = {
			isa = PBXNativeTarget;
			buildConfigurationList = A3B6D80528CB43D100230EFB /* Build configuration list for PBXNativeTarget "wdtDndTests" */;
			buildPhases = (
				A3B6D7EA28CB43D100230EFB /* Sources */,
				A3B6D7EB28CB43D100230EFB /* Frameworks */,
				A3B6D7EC28CB43D100230EFB /* Resources */,
			);
			buildRules = (
			);
			dependencies = (
				A3B6D7F028CB43D100230EFB /* PBXTargetDependency */,
			);
			name = wdtDndTests;
			productName = wdtDndTests;
			productReference = A3B6D7EE28CB43D100230EFB /* wdtDndTests.xctest */;
			productType = "com.apple.product-type.bundle.unit-test";
		};
		A3B6D7F728CB43D100230EFB /* wdtDndUITests */ = {
			isa = PBXNativeTarget;
			buildConfigurationList = A3B6D80828CB43D100230EFB /* Build configuration list for PBXNativeTarget "wdtDndUITests" */;
			buildPhases = (
				A3B6D7F428CB43D100230EFB /* Sources */,
				A3B6D7F528CB43D100230EFB /* Frameworks */,
				A3B6D7F628CB43D100230EFB /* Resources */,
			);
			buildRules = (
			);
			dependencies = (
				A3B6D7FA28CB43D100230EFB /* PBXTargetDependency */,
			);
			name = wdtDndUITests;
			productName = wdtDndUITests;
			productReference = A3B6D7F828CB43D100230EFB /* wdtDndUITests.xctest */;
			productType = "com.apple.product-type.bundle.ui-testing";
		};
/* End PBXNativeTarget section */

/* Begin PBXProject section */
		A3B6D7D528CB43D000230EFB /* Project object */ = {
			isa = PBXProject;
			attributes = {
				BuildIndependentTargetsInParallel = 1;
				LastSwiftUpdateCheck = 1340;
				LastUpgradeCheck = 1340;
				TargetAttributes = {
					A3B6D7DC28CB43D000230EFB = {
						CreatedOnToolsVersion = 13.4.1;
						LastSwiftMigration = 1340;
					};
					A3B6D7ED28CB43D100230EFB = {
						CreatedOnToolsVersion = 13.4.1;
						TestTargetID = A3B6D7DC28CB43D000230EFB;
					};
					A3B6D7F728CB43D100230EFB = {
						CreatedOnToolsVersion = 13.4.1;
						TestTargetID = A3B6D7DC28CB43D000230EFB;
					};
				};
			};
			buildConfigurationList = A3B6D7D828CB43D000230EFB /* Build configuration list for PBXProject "wdtDnd" */;
			compatibilityVersion = "Xcode 13.0";
			developmentRegion = en;
			hasScannedForEncodings = 0;
			knownRegions = (
				en,
				Base,
			);
			mainGroup = A3B6D7D428CB43D000230EFB;
			productRefGroup = A3B6D7DE28CB43D000230EFB /* Products */;
			projectDirPath = "";
			projectRoot = "";
			targets = (
				A3B6D7DC28CB43D000230EFB /* wdtDnd */,
				A3B6D7ED28CB43D100230EFB /* wdtDndTests */,
				A3B6D7F728CB43D100230EFB /* wdtDndUITests */,
			);
		};
/* End PBXProject section */

/* Begin PBXResourcesBuildPhase section */
		A3B6D7DB28CB43D000230EFB /* Resources */ = {
			isa = PBXResourcesBuildPhase;
			buildActionMask = 2147483647;
			files = (
				A3B6D7E828CB43D100230EFB /* Preview Assets.xcassets in Resources */,
				A3B6D7E528CB43D100230EFB /* Assets.xcassets in Resources */,
			);
			runOnlyForDeploymentPostprocessing = 0;
		};
		A3B6D7EC28CB43D100230EFB /* Resources */ = {
			isa = PBXResourcesBuildPhase;
			buildActionMask = 2147483647;
			files = (
			);
			runOnlyForDeploymentPostprocessing = 0;
		};
		A3B6D7F628CB43D100230EFB /* Resources */ = {
			isa = PBXResourcesBuildPhase;
			buildActionMask = 2147483647;
			files = (
			);
			runOnlyForDeploymentPostprocessing = 0;
		};
/* End PBXResourcesBuildPhase section */

/* Begin PBXSourcesBuildPhase section */
		A3B6D7D928CB43D000230EFB /* Sources */ = {
			isa = PBXSourcesBuildPhase;
			buildActionMask = 2147483647;
			files = (
				A3B6D81E28CB44D900230EFB /* wdtWrapper.cpp in Sources */,
				A3B6D7E328CB43D000230EFB /* ContentView.swift in Sources */,
				A3B6D7E128CB43D000230EFB /* wdtDndApp.swift in Sources */,
				A3B6D81F28CB44D900230EFB /* wdtWrapper.swift in Sources */,
			);
			runOnlyForDeploymentPostprocessing = 0;
		};
		A3B6D7EA28CB43D100230EFB /* Sources */ = {
			isa = PBXSourcesBuildPhase;
			buildActionMask = 2147483647;
			files = (
				A3B6D7F328CB43D100230EFB /* wdtDndTests.swift in Sources */,
			);
			runOnlyForDeploymentPostprocessing = 0;
		};
		A3B6D7F428CB43D100230EFB /* Sources */ = {
			isa = PBXSourcesBuildPhase;
			buildActionMask = 2147483647;
			files = (
				A3B6D7FD28CB43D100230EFB /* wdtDndUITests.swift in Sources */,
				A3B6D7FF28CB43D100230EFB /* wdtDndUITestsLaunchTests.swift in Sources */,
			);
			runOnlyForDeploymentPostprocessing = 0;
		};
/* End PBXSourcesBuildPhase section */

/* Begin PBXTargetDependency section */
		A3B6D7F028CB43D100230EFB /* PBXTargetDependency */ = {
			isa = PBXTargetDependency;
			target = A3B6D7DC28CB43D000230EFB /* wdtDnd */;
			targetProxy = A3B6D7EF28CB43D100230EFB /* PBXContainerItemProxy */;
		};
		A3B6D7FA28CB43D100230EFB /* PBXTargetDependency */ = {
			isa = PBXTargetDependency;
			target = A3B6D7DC28CB43D000230EFB /* wdtDnd */;
			targetProxy = A3B6D7F928CB43D100230EFB /* PBXContainerItemProxy */;
		};
/* End PBXTargetDependency section */

/* Begin XCBuildConfiguration section */
		A3B6D80028CB43D100230EFB /* Debug */ = {
			isa = XCBuildConfiguration;
			buildSettings = {
				ALWAYS_SEARCH_USER_PATHS = NO;
				CLANG_ANALYZER_NONNULL = YES;
				CLANG_ANALYZER_NUMBER_OBJECT_CONVERSION = YES_AGGRESSIVE;
				CLANG_CXX_LANGUAGE_STANDARD = "gnu++17";
				CLANG_ENABLE_MODULES = YES;
				CLANG_ENABLE_OBJC_ARC = YES;
				CLANG_ENABLE_OBJC_WEAK = YES;
				CLANG_WARN_BLOCK_CAPTURE_AUTORELEASING = YES;
				CLANG_WARN_BOOL_CONVERSION = YES;
				CLANG_WARN_COMMA = YES;
				CLANG_WARN_CONSTANT_CONVERSION = YES;
				CLANG_WARN_DEPRECATED_OBJC_IMPLEMENTATIONS = YES;
				CLANG_WARN_DIRECT_OBJC_ISA_USAGE = YES_ERROR;
				CLANG_WARN_DOCUMENTATION_COMMENTS = YES;
				CLANG_WARN_EMPTY_BODY = YES;
				CLANG_WARN_ENUM_CONVERSION = YES;
				CLANG_WARN_INFINITE_RECURSION = YES;
				CLANG_WARN_INT_CONVERSION = YES;
				CLANG_WARN_NON_LITERAL_NULL_CONVERSION = YES;
				CLANG_WARN_OBJC_IMPLICIT_RETAIN_SELF = YES;
				CLANG_WARN_OBJC_LITERAL_CONVERSION = YES;
				CLANG_WARN_OBJC_ROOT_CLASS = YES_ERROR;
				CLANG_WARN_QUOTED_INCLUDE_IN_FRAMEWORK_HEADER = YES;
				CLANG_WARN_RANGE_LOOP_ANALYSIS = YES;
				CLANG_WARN_STRICT_PROTOTYPES = YES;
				CLANG_WARN_SUSPICIOUS_MOVE = YES;
				CLANG_WARN_UNGUARDED_AVAILABILITY = YES_AGGRESSIVE;
				CLANG_WARN_UNREACHABLE_CODE = YES;
				CLANG_WARN__DUPLICATE_METHOD_MATCH = YES;
				COPY_PHASE_STRIP = NO;
				DEBUG_INFORMATION_FORMAT = dwarf;
				ENABLE_STRICT_OBJC_MSGSEND = YES;
				ENABLE_TESTABILITY = YES;
				GCC_C_LANGUAGE_STANDARD = gnu11;
				GCC_DYNAMIC_NO_PIC = NO;
				GCC_NO_COMMON_BLOCKS = YES;
				GCC_OPTIMIZATION_LEVEL = 0;
				GCC_PREPROCESSOR_DEFINITIONS = (
					"DEBUG=1",
					"$(inherited)",
				);
				GCC_WARN_64_TO_32_BIT_CONVERSION = YES;
				GCC_WARN_ABOUT_RETURN_TYPE = YES_ERROR;
				GCC_WARN_UNDECLARED_SELECTOR = YES;
				GCC_WARN_UNINITIALIZED_AUTOS = YES_AGGRESSIVE;
				GCC_WARN_UNUSED_FUNCTION = YES;
				GCC_WARN_UNUSED_VARIABLE = YES;
				MACOSX_DEPLOYMENT_TARGET = 12.3;
				MTL_ENABLE_DEBUG_INFO = INCLUDE_SOURCE;
				MTL_FAST_MATH = YES;
				ONLY_ACTIVE_ARCH = YES;
				SDKROOT = macosx;
				SWIFT_ACTIVE_COMPILATION_CONDITIONS = DEBUG;
				SWIFT_OPTIMIZATION_LEVEL = "-Onone";
			};
			name = Debug;
		};
		A3B6D80128CB43D100230EFB /* Release */ = {
			isa = XCBuildConfiguration;
			buildSettings = {
				ALWAYS_SEARCH_USER_PATHS = NO;
				CLANG_ANALYZER_NONNULL = YES;
				CLANG_ANALYZER_NUMBER_OBJECT_CONVERSION = YES_AGGRESSIVE;
				CLANG_CXX_LANGUAGE_STANDARD = "gnu++17";
				CLANG_ENABLE_MODULES = YES;
				CLANG_ENABLE_OBJC_ARC = YES;
				CLANG_ENABLE_OBJC_WEAK = YES;
				CLANG_WARN_BLOCK_CAPTURE_AUTORELEASING = YES;
				CLANG_WARN_BOOL_CONVERSION = YES;
				CLANG_WARN_COMMA = YES;
				CLANG_WARN_CONSTANT_CONVERSION = YES;
				CLANG_WARN_DEPRECATED_OBJC_IMPLEMENTATIONS = YES;
				CLANG_WARN_DIRECT_OBJC_ISA_USAGE = YES_ERROR;
				CLANG_WARN_DOCUMENTATION_COMMENTS = YES;
				CLANG_WARN_EMPTY_BODY = YES;
				CLANG_WARN_ENUM_CONVERSION = YES;
				CLANG_WARN_INFINITE_RECURSION = YES;
				CLANG_WARN_INT_CONVERSION = YES;
				CLANG_WARN_NON_LITERAL_NULL_CONVERSION = YES;
				CLANG_WARN_OBJC_IMPLICIT_RETAIN_SELF = YES;
				CLANG_WARN_OBJC_LITERAL_CONVERSION = YES;
				CLANG_WARN_OBJC_ROOT_CLASS = YES_ERROR;
				CLANG_WARN_QUOTED_INCLUDE_IN_FRAMEWORK_HEADER = YES;
				CLANG_WARN_RANGE_LOOP_ANALYSIS = YES;
				CLANG_WARN_STRICT_PROTOTYPES = YES;
				CLANG_WARN_SUSPICIOUS_MOVE = YES;
				CLANG_WARN_UNGUARDED_AVAILABILITY = YES_AGGRESSIVE;
				CLANG_WARN_UNREACHABLE_CODE = YES;
				CLANG_WARN__DUPLICATE_METHOD_MATCH = YES;
				COPY_PHASE_STRIP = NO;
				DEBUG_INFORMATION_FORMAT = "dwarf-with-dsym";
				ENABLE_NS_ASSERTIONS = NO;
				ENABLE_STRICT_OBJC_MSGSEND = YES;
				GCC_C_LANGUAGE_STANDARD = gnu11;
				GCC_NO_COMMON_BLOCKS = YES;
				GCC_WARN_64_TO_32_BIT_CONVERSION = YES;
				GCC_WARN_ABOUT_RETURN_TYPE = YES_ERROR;
				GCC_WARN_UNDECLARED_SELECTOR = YES;
				GCC_WARN_UNINITIALIZED_AUTOS = YES_AGGRESSIVE;
				GCC_WARN_UNUSED_FUNCTION = YES;
				GCC_WARN_UNUSED_VARIABLE = YES;
				MACOSX_DEPLOYMENT_TARGET = 12.3;
				MTL_ENABLE_DEBUG_INFO = NO;
				MTL_FAST_MATH = YES;
				SDKROOT = macosx;
				SWIFT_COMPILATION_MODE = wholemodule;
				SWIFT_OPTIMIZATION_LEVEL = "-O";
			};
			name = Release;
		};
		A3B6D80328CB43D100230EFB /* Debug */ = {
			isa = XCBuildConfiguration;
			buildSettings = {
				ASSETCATALOG_COMPILER_APPICON_NAME = AppIcon;
				ASSETCATALOG_COMPILER_GLOBAL_ACCENT_COLOR_NAME = AccentColor;
				CLANG_ENABLE_MODULES = YES;
				CODE_SIGN_ENTITLEMENTS = wdtDnd/wdtDnd.entitlements;
				CODE_SIGN_IDENTITY = "-";
				CODE_SIGN_STYLE = Automatic;
				COMBINE_HIDPI_IMAGES = YES;
				CURRENT_PROJECT_VERSION = 1;
				DEVELOPMENT_ASSET_PATHS = "\"wdtDnd/Preview Content\"";
				ENABLE_PREVIEWS = YES;
				GENERATE_INFOPLIST_FILE = YES;
				HEADER_SEARCH_PATHS = (
					"$(inherited)",
					"$(PROJECT_DIR)/wdtDnd",
					/opt/homebrew/Cellar/boost/1.79.0_1/include,
					/usr/local/include,
					"/opt/homebrew/Cellar/openssl@1.1/1.1.1q/include",
					/opt/homebrew/Cellar/fmt/9.1.0/include,
				);
				INFOPLIST_KEY_NSHumanReadableCopyright = "";
				LD_RUNPATH_SEARCH_PATHS = (
					"$(inherited)",
					"@executable_path/../Frameworks",
				);
				LIBRARY_SEARCH_PATHS = (
					"$(inherited)",
					"$(PROJECT_DIR)",
				);
				MARKETING_VERSION = 1.0;
				PRODUCT_BUNDLE_IDENTIFIER = wdt.wdtDnd;
				PRODUCT_NAME = "$(TARGET_NAME)";
				SWIFT_EMIT_LOC_STRINGS = YES;
				SWIFT_OBJC_BRIDGING_HEADER = "wdtDnd-Bridging-Header.h";
				SWIFT_OPTIMIZATION_LEVEL = "-Onone";
				SWIFT_VERSION = 5.0;
			};
			name = Debug;
		};
		A3B6D80428CB43D100230EFB /* Release */ = {
			isa = XCBuildConfiguration;
			buildSettings = {
				ASSETCATALOG_COMPILER_APPICON_NAME = AppIcon;
				ASSETCATALOG_COMPILER_GLOBAL_ACCENT_COLOR_NAME = AccentColor;
				CLANG_ENABLE_MODULES = YES;
				CODE_SIGN_ENTITLEMENTS = wdtDnd/wdtDnd.entitlements;
				CODE_SIGN_IDENTITY = "-";
				CODE_SIGN_STYLE = Automatic;
				COMBINE_HIDPI_IMAGES = YES;
				CURRENT_PROJECT_VERSION = 1;
				DEVELOPMENT_ASSET_PATHS = "\"wdtDnd/Preview Content\"";
				ENABLE_PREVIEWS = YES;
				GENERATE_INFOPLIST_FILE = YES;
				HEADER_SEARCH_PATHS = (
					"$(inherited)",
					"$(PROJECT_DIR)/wdtDnd",
					/opt/homebrew/Cellar/boost/1.79.0_1/include,
					/usr/local/include,
					"/opt/homebrew/Cellar/openssl@1.1/1.1.1q/include",
					/opt/homebrew/Cellar/fmt/9.1.0/include,
				);
				INFOPLIST_KEY_NSHumanReadableCopyright = "";
				LD_RUNPATH_SEARCH_PATHS = (
					"$(inherited)",
					"@executable_path/../Frameworks",
				);
				LIBRARY_SEARCH_PATHS = (
					"$(inherited)",
					"$(PROJECT_DIR)",
				);
				MARKETING_VERSION = 1.0;
				PRODUCT_BUNDLE_IDENTIFIER = wdt.wdtDnd;
				PRODUCT_NAME = "$(TARGET_NAME)";
				SWIFT_EMIT_LOC_STRINGS = YES;
				SWIFT_OBJC_BRIDGING_HEADER = "wdtDnd-Bridging-Header.h";
				SWIFT_VERSION = 5.0;
			};
			name = Release;
		};
		A3B6D80628CB43D100230EFB /* Debug */ = {
			isa = XCBuildConfiguration;
			buildSettings = {
				ALWAYS_EMBED_SWIFT_STANDARD_LIBRARIES = YES;
				BUNDLE_LOADER = "$(TEST_HOST)";
				CODE_SIGN_STYLE = Automatic;
				CURRENT_PROJECT_VERSION = 1;
				GENERATE_INFOPLIST_FILE = YES;
				MACOSX_DEPLOYMENT_TARGET = 12.3;
				MARKETING_VERSION = 1.0;
				PRODUCT_BUNDLE_IDENTIFIER = wdt.wdtDndTests;
				PRODUCT_NAME = "$(TARGET_NAME)";
				SWIFT_EMIT_LOC_STRINGS = NO;
				SWIFT_VERSION = 5.0;
				TEST_HOST = "$(BUILT_PRODUCTS_DIR)/wdtDnd.app/Contents/MacOS/wdtDnd";
			};
			name = Debug;
		};
		A3B6D80728CB43D100230EFB /* Release */ = {
			isa = XCBuildConfiguration;
			buildSettings = {
				ALWAYS_EMBED_SWIFT_STANDARD_LIBRARIES = YES;
				BUNDLE_LOADER = "$(TEST_HOST)";
				CODE_SIGN_STYLE = Automatic;
				CURRENT_PROJECT_VERSION = 1;
				GENERATE_INFOPLIST_FILE = YES;
				MACOSX_DEPLOYMENT_TARGET = 12.3;
				MARKETING_VERSION = 1.0;
				PRODUCT_BUNDLE_IDENTIFIER = wdt.wdtDndTests;
				PRODUCT_NAME = "$(TARGET_NAME)";
				SWIFT_EMIT_LOC_STRINGS = NO;
				SWIFT_VERSION = 5.0;
				TEST_HOST = "$(BUILT_PRODUCTS_DIR)/wdtDnd.app/Contents/MacOS/wdtDnd";
			};
			name = Release;
		};
		A3B6D80928CB43D100230EFB /* Debug */ = {
			isa = XCBuildConfiguration;
			buildSettings = {
				ALWAYS_EMBED_SWIFT_STANDARD_LIBRARIES = YES;
				CODE_SIGN_STYLE = Automatic;
				CURRENT_PROJECT_VERSION = 1;
				GENERATE_INFOPLIST_FILE = YES;
				MARKETING_VERSION = 1.0;
				PRODUCT_BUNDLE_IDENTIFIER = wdt.wdtDndUITests;
				PRODUCT_NAME = "$(TARGET_NAME)";
				SWIFT_EMIT_LOC_STRINGS = NO;
				SWIFT_VERSION = 5.0;
				TEST_TARGET_NAME = wdtDnd;
			};
			name = Debug;
		};
		A3B6D80A28CB43D100230EFB /* Release */ = {
			isa = XCBuildConfiguration;
			buildSettings = {
				ALWAYS_EMBED_SWIFT_STANDARD_LIBRARIES = YES;
				CODE_SIGN_STYLE = Automatic;
				CURRENT_PROJECT_VERSION = 1;
				GENERATE_INFOPLIST_FILE = YES;
				MARKETING_VERSION = 1.0;
				PRODUCT_BUNDLE_IDENTIFIER = wdt.wdtDndUITests;
				PRODUCT_NAME = "$(TARGET_NAME)";
				SWIFT_EMIT_LOC_STRINGS = NO;
				SWIFT_VERSION = 5.0;
				TEST_TARGET_NAME = wdtDnd;
			};
			name = Release;
		};
/* End XCBuildConfiguration section */

/* Begin XCConfigurationList section */
		A3B6D7D828CB43D000230EFB /* Build configuration list for PBXProject "wdtDnd" */ = {
			isa = XCConfigurationList;
			buildConfigurations = (
				A3B6D80028CB43D100230EFB /* Debug */,
				A3B6D80128CB43D100230EFB /* Release */,
			);
			defaultConfigurationIsVisible = 0;
			defaultConfigurationName = Release;
		};
		A3B6D80228CB43D100230EFB /* Build configuration list for PBXNativeTarget "wdtDnd" */ = {
			isa = XCConfigurationList;
			buildConfigurations = (
				A3B6D80328CB43D100230EFB /* Debug */,
				A3B6D80428CB43D100230EFB /* Release */,
			);
			defaultConfigurationIsVisible = 0;
			defaultConfigurationName = Release;
		};
		A3B6D80528CB43D100230EFB /* Build configuration list for PBXNativeTarget "wdtDndTests" */ = {
			isa = XCConfigurationList;
			buildConfigurations = (
				A3B6D80628CB43D100230EFB /* Debug */,
				A3B6D80728CB43D100230EFB /* Release */,
			);
			defaultConfigurationIsVisible = 0;
			defaultConfigurationName = Release;
		};
		A3B6D80828CB43D100230EFB /* Build configuration list for PBXNativeTarget "wdtDndUITests" */ = {
			isa = XCConfigurationList;
			buildConfigurations = (
				A3B6D80928CB43D100230EFB /* Debug */,
				A3B6D80A28CB43D100230EFB /* Release */,
			);
			defaultConfigurationIsVisible = 0;
			defaultConfigurationName = Release;
		};
/* End XCConfigurationList section */
	};
	rootObject = A3B6D7D528CB43D000230EFB /* Project object */;
}
